{
  "name": "react-native-ntldev-uikit",
  "version": "1.0.12",
  "lockfileVersion": 3,
  "requires": true,
  "packages": {
    "": {
      "name": "react-native-ntldev-uikit",
      "version": "1.0.12",
      "bin": {
        "react-native-ntldev-uikit": "bin/cli.cjs"
      },
      "devDependencies": {
        "@types/react": "^19.2.0",
        "react-native-keyboard-controller": "^1.22.5",
        "react-native-linear-gradient": "^2.8.3",
        "react-native-reanimated": "^4.6.0",
        "react-native-safe-area-context": "^5.5.2",
        "typescript": "^5.0.0"
      },
      "peerDependencies": {
        "react": "*",
        "react-native": "*",
        "react-native-keyboard-controller": "^1.22.5",
        "react-native-linear-gradient": "^2.8.3",
        "react-native-reanimated": "^4.6.0",
        "react-native-safe-area-context": "^5.5.2"
      }
    },
    "node_modules/@types/react": {
      "version": "19.3.0",
      "resolved": "https://registry.npmjs.org/@types/react/-/react-19.3.0.tgz",
      "integrity": "sha512-N0rFCuH9YoxG9/m61l9MfpJKfmLOVU0em7ipIz6TRgSSkvReLB9vL85GB+yr8Bs5leqpvg96JSwF4ZS1s4viQg==",
      "dev": true,
      "license": "MIT",
      "dependencies": {
        "csstype": "^3.2.2"
      }
    },
    "node_modules/csstype": {
      "version": "3.2.3",
      "resolved": "https://registry.npmjs.org/csstype/-/csstype-3.2.3.tgz",
      "integrity": "sha512-z1HGKcYy2xA8AGQfwrn0PAy+PB7X/GSj3UVJW9qKyn43xWa+gl5nXmU4qqLMRzWVLFC8KusUX8T/0kCiOYpAIQ==",
      "dev": true,
      "license": "MIT"
    },
    "node_modules/react-native-is-edge-to-edge": {
      "version": "1.3.1",
      "resolved": "https://registry.npmjs.org/react-native-is-edge-to-edge/-/react-native-is-edge-to-edge-1.3.1.tgz",
      "integrity": "sha512-NIXU/iT5+ORyCc7p0z2nnlkouYKX425vuU1OEm6bMMtWWR9yvb+Xg5AZmImTKoF9abxCPqrKC3rOZsKzUYgYZA==",
      "dev": true,
      "license": "MIT",
      "peerDependencies": {
        "react": "*",
        "react-native": "*"
      }
    },
    "node_modules/react-native-keyboard-controller": {
      "version": "1.22.6",
      "resolved": "https://registry.npmjs.org/react-native-keyboard-controller/-/react-native-keyboard-controller-1.22.6.tgz",
      "integrity": "sha512-gwJAI3Bhbqs/Ja3uaeBz7EFQSFcem8q4wsXkrC9sy1CL14gjWhBICLu2Ecn7HmezpIu33uhLbirLGyqSawxRtg==",
      "dev": true,
      "license": "MIT",
      "dependencies": {
        "react-native-is-edge-to-edge": "^1.2.1"
      },
      "peerDependencies": {
        "react": "*",
        "react-native": "*",
        "react-native-reanimated": ">=3.0.0"
      }
    },
    "node_modules/react-native-linear-gradient": {
      "version": "2.8.3",
      "resolved": "https://registry.npmjs.org/react-native-linear-gradient/-/react-native-linear-gradient-2.8.3.tgz",
      "integrity": "sha512-KflAXZcEg54PXkLyflaSZQ3PJp4uC4whM7nT/Uot9m0e/qxFV3p6uor1983D1YOBJbJN7rrWdqIjq0T42jOJyA==",
      "dev": true,
      "license": "MIT",
      "peerDependencies": {
        "react": "*",
        "react-native": "*"
      }
    },
    "node_modules/react-native-reanimated": {
      "version": "4.7.1",
      "resolved": "https://registry.npmjs.org/react-native-reanimated/-/react-native-reanimated-4.7.1.tgz",
      "integrity": "sha512-HviDFSZ6V4KTRsrLS6hRbBJ4j63l/L8a5az0EoWdJwaMLYnBNyYISTDxwXpEYkMbAbLzCMCviIdiOxXHYQWcNA==",
      "dev": true,
      "license": "MIT",
      "dependencies": {
        "react-native-is-edge-to-edge": "^1.3.1",
        "semver": "^7.7.3"
      },
      "peerDependencies": {
        "react": "*",
        "react-native": "0.86 - 0.88",
        "react-native-worklets": "0.13.x"
      }
    },
    "node_modules/react-native-safe-area-context": {
      "version": "5.10.1",
      "resolved": "https://registry.npmjs.org/react-native-safe-area-context/-/react-native-safe-area-context-5.10.1.tgz",
      "integrity": "sha512-ax0T3cAHQIhuAjDQpJ9C1Le96aRiM9PF+Kmgg7Y8+mD7QJMEIx04cG0eG3EGUTdvymgOkCrkakgZFwuOIuNQGw==",
      "dev": true,
      "license": "MIT",
      "peerDependencies": {
        "react": "*",
        "react-native": "*"
      }
    },
    "node_modules/semver": {
      "version": "7.8.5",
      "resolved": "https://registry.npmjs.org/semver/-/semver-7.8.5.tgz",
      "integrity": "sha512-Y7/KDsb8LjooZpwaqGyulO6DQlksgCncchHGk+sZIY4SBvUocMBEFH5Ur1fI4dV+Jvl0w6cjvucaIi40puRioA==",
      "dev": true,
      "license": "ISC",
      "bin": {
        "semver": "bin/semver.js"
      },
      "engines": {
        "node": ">=10"
      }
    },
    "node_modules/typescript": {
      "version": "5.9.3",
      "resolved": "https://registry.npmjs.org/typescript/-/typescript-5.9.3.tgz",
      "integrity": "sha512-jl1vZzPDinLr9eUt3J/t7V6FgNEw9QjvBPdysz9KfQDD41fQrC2Y4vKQdiaUpFT4bXlb1RHhLpp8wtm6M5TgSw==",
      "dev": true,
      "license": "Apache-2.0",
      "bin": {
        "tsc": "bin/tsc",
        "tsserver": "bin/tsserver"
      },
      "engines": {
        "node": ">=14.17"
      }
    }
  }
}
